PODS:
  - Alamofire (5.4.1)
  - IQKeyboardManager (6.5.6)
  - SDWebImage (5.11.1):
    - SDWebImage/Core (= 5.11.1)
  - SDWebImage/Core (5.11.1)

DEPENDENCIES:
  - Alamofire
  - IQKeyboardManager
  - SDWebImage

SPEC REPOS:
  trunk:
    - Alamofire
    - IQKeyboardManager
    - SDWebImage

SPEC CHECKSUMS:
  Alamofire: 2291f7d21ca607c491dd17642e5d40fdcda0e65c
  IQKeyboardManager: 2a6e97afdafc7becf0cb17a9a8d795e3a980717f
  SDWebImage: a7f831e1a65eb5e285e3fb046a23fcfbf08e696d

PODFILE CHECKSUM: d693e3aec2fafedfb1fbefe919297dbea44441ed

COCOAPODS: 1.10.1
